{
  "name": "qr-element",
  "lockfileVersion": 3,
  "requires": true,
  "packages": {
    "": {
      "dependencies": {
        "headless-qr": "^1.0.3"
      }
    },
    "node_modules/headless-qr": {
      "version": "1.0.3",
      "resolved": "https://registry.npmjs.org/headless-qr/-/headless-qr-1.0.3.tgz",
      "integrity": "sha512-HHVwf1i++Ho2vFstHxAdfP0OjB7Di44nGXbh3VXciuzwkuFb1oeFDCrfOLjFgHip/Kbc/wq2GOaSTiKQ81K/Yg=="
    }
  }
}
